
Microsoft Visual Studio Solution File, Format Version 12.00
# Visual Studio Version 17
VisualStudioVersion = 17.0.31903.59
MinimumVisualStudioVersion = 10.0.40219.1
Project("{2150E333-8FDC-42A3-9474-1A3956D46DE8}") = "src", "src", "{38214C09-6565-412E-BB78-895BC4121613}"
EndProject
Project("{2150E333-8FDC-42A3-9474-1A3956D46DE8}") = "ApiGateways", "ApiGateways", "{1A224DDA-4E84-42FD-9E0A-B2CF8B8E2B4F}"
EndProject
Project("{2150E333-8FDC-42A3-9474-1A3956D46DE8}") = "WebApiClient", "WebApiClient", "{B1488873-5562-49CE-B90E-8F2932CB3B5B}"
EndProject
Project("{2150E333-8FDC-42A3-9474-1A3956D46DE8}") = "BuildingBlocks", "BuildingBlocks", "{7268E73F-E8C2-4317-A59E-C3EE34E3C9FD}"
EndProject
Project("{2150E333-8FDC-42A3-9474-1A3956D46DE8}") = "EventBus", "EventBus", "{57E5963A-78B8-40B3-8E2C-2A00EA2BDC5A}"
EndProject
Project("{FAE04EC0-301F-11D3-BF4B-00C04F79EFBC}") = "EventBus.Base", "src\BuildingBlocks\EventBus\EventBus.Base\EventBus.Base.csproj", "{B1EB9201-437A-4FFC-8D3E-44740198E2C7}"
EndProject
Project("{FAE04EC0-301F-11D3-BF4B-00C04F79EFBC}") = "EventBus.Factory", "src\BuildingBlocks\EventBus\EventBus.Factory\EventBus.Factory.csproj", "{8C0D2083-38E9-406A-88CB-8627CF385878}"
EndProject
Project("{FAE04EC0-301F-11D3-BF4B-00C04F79EFBC}") = "EventBus.AzureServiceBus", "src\BuildingBlocks\EventBus\EventBus.AzureServiceBus\EventBus.AzureServiceBus.csproj", "{4B2519C0-5D24-461F-A4AA-61B18F2EB723}"
EndProject
Project("{FAE04EC0-301F-11D3-BF4B-00C04F79EFBC}") = "EventBus.RabbitMQ", "src\BuildingBlocks\EventBus\EventBus.RabbitMQ\EventBus.RabbitMQ.csproj", "{DCD14BED-A4A3-4E0D-99E9-B2A5DF0AEE13}"
EndProject
Project("{2150E333-8FDC-42A3-9474-1A3956D46DE8}") = "Clients", "Clients", "{BA90B549-FD1F-4B42-9F94-FC9B1DD01ECE}"
EndProject
Project("{2150E333-8FDC-42A3-9474-1A3956D46DE8}") = "BlazorWebApp", "BlazorWebApp", "{66F6A8A3-6C38-4385-B8FB-4E010FCCF960}"
EndProject
Project("{FAE04EC0-301F-11D3-BF4B-00C04F79EFBC}") = "WebApp", "src\Clients\BlazorWebApp\WebApp\WebApp.csproj", "{D3F2F9ED-4828-470D-9128-CD06FBA67571}"
EndProject
Project("{2150E333-8FDC-42A3-9474-1A3956D46DE8}") = "Services", "Services", "{90609A4C-20EE-4581-A3A9-DD1DA5283CEC}"
EndProject
Project("{2150E333-8FDC-42A3-9474-1A3956D46DE8}") = "BasketService", "BasketService", "{2790CE79-475C-48D0-9A34-1A35EDE66F3C}"
EndProject
Project("{2150E333-8FDC-42A3-9474-1A3956D46DE8}") = "CatalogService", "CatalogService", "{8BB89E18-A3CD-4C1B-8C27-A8F541926559}"
EndProject
Project("{2150E333-8FDC-42A3-9474-1A3956D46DE8}") = "OrderService", "OrderService", "{0CD27D4D-7BF5-4640-98FF-BF721B2B7970}"
EndProject
Project("{2150E333-8FDC-42A3-9474-1A3956D46DE8}") = "IdentityService", "IdentityService", "{27848B07-531B-48AA-A466-208B1E35815C}"
EndProject
Project("{2150E333-8FDC-42A3-9474-1A3956D46DE8}") = "NotificationService", "NotificationService", "{806D6D9F-37B6-4850-A5E2-C76FFD335D74}"
EndProject
Project("{FAE04EC0-301F-11D3-BF4B-00C04F79EFBC}") = "NotificationService", "src\Services\NotificationService\NotificationService\NotificationService.csproj", "{712888B9-9163-4E65-897C-AC04EF1EF544}"
EndProject
Project("{FAE04EC0-301F-11D3-BF4B-00C04F79EFBC}") = "OrderService.Domain", "src\Services\OrderService\OrderService.Domain\OrderService.Domain.csproj", "{4A5A0135-9E2B-480B-BB2D-FCDF1E122E34}"
EndProject
Project("{FAE04EC0-301F-11D3-BF4B-00C04F79EFBC}") = "OrderService.Application", "src\Services\OrderService\OrderService.Application\OrderService.Application.csproj", "{E5182833-0430-4722-AFAE-E886A82031CF}"
EndProject
Project("{FAE04EC0-301F-11D3-BF4B-00C04F79EFBC}") = "OrderService.Infrastructure", "src\Services\OrderService\OrderService.Infrastructure\OrderService.Infrastructure.csproj", "{655851A9-3646-4322-8E9B-EBBD7A595025}"
EndProject
Project("{2150E333-8FDC-42A3-9474-1A3956D46DE8}") = "PaymentService", "PaymentService", "{E52C5173-235C-4358-AB32-319766B2552D}"
EndProject
Project("{FAE04EC0-301F-11D3-BF4B-00C04F79EFBC}") = "PaymentService.Api", "src\Services\PaymentService\PaymentService.Api\PaymentService.Api.csproj", "{40665AB5-4C18-4280-9CA3-DA952EB609BE}"
EndProject
Project("{FAE04EC0-301F-11D3-BF4B-00C04F79EFBC}") = "OrderService.Api", "src\Services\OrderService\OrderService.Api\OrderService.Api.csproj", "{6388367E-A10D-4CD1-8BCB-758210F30EC6}"
EndProject
Project("{FAE04EC0-301F-11D3-BF4B-00C04F79EFBC}") = "IdentityService.Api", "src\Services\IdentityService\IdentityService.Api\IdentityService.Api.csproj", "{99B1742B-6E08-42BA-8267-3326CCE1DAFC}"
EndProject
Project("{FAE04EC0-301F-11D3-BF4B-00C04F79EFBC}") = "CatalogService.Api", "src\Services\CatalogService\CatalogService.Api\CatalogService.Api.csproj", "{4B3B82B7-85F3-4F4E-BE18-3B322237960A}"
EndProject
Project("{FAE04EC0-301F-11D3-BF4B-00C04F79EFBC}") = "BasketService.Api", "src\Services\BasketService\BasketService.Api\BasketService.Api.csproj", "{99EF438B-3A2D-43BB-973D-4777F7753826}"
EndProject
Project("{2150E333-8FDC-42A3-9474-1A3956D46DE8}") = "tests", "tests", "{99995214-B4C4-4248-B93D-A19914FDA765}"
EndProject
Project("{2150E333-8FDC-42A3-9474-1A3956D46DE8}") = "BuildingsBlocks", "BuildingsBlocks", "{5CF6ED8C-63CF-4651-BCED-F46A5FE29161}"
EndProject
Project("{FAE04EC0-301F-11D3-BF4B-00C04F79EFBC}") = "EventBus.UnitTest", "tests\BuildingsBlocks\EventBus.UnitTest\EventBus.UnitTest.csproj", "{06BE8757-E711-4BE4-AA25-966169695722}"
EndProject
Project("{FAE04EC0-301F-11D3-BF4B-00C04F79EFBC}") = "Web.ApiGateway", "src\ApiGateways\WebApiClient\Web.ApiGateway\Web.ApiGateway.csproj", "{BAC1293B-84CB-4FF4-8280-77F68F74645A}"
EndProject
Global
	GlobalSection(SolutionConfigurationPlatforms) = preSolution
		Debug|Any CPU = Debug|Any CPU
		Release|Any CPU = Release|Any CPU
	EndGlobalSection
	GlobalSection(ProjectConfigurationPlatforms) = postSolution
		{B1EB9201-437A-4FFC-8D3E-44740198E2C7}.Debug|Any CPU.ActiveCfg = Debug|Any CPU
		{B1EB9201-437A-4FFC-8D3E-44740198E2C7}.Debug|Any CPU.Build.0 = Debug|Any CPU
		{B1EB9201-437A-4FFC-8D3E-44740198E2C7}.Release|Any CPU.ActiveCfg = Release|Any CPU
		{B1EB9201-437A-4FFC-8D3E-44740198E2C7}.Release|Any CPU.Build.0 = Release|Any CPU
		{8C0D2083-38E9-406A-88CB-8627CF385878}.Debug|Any CPU.ActiveCfg = Debug|Any CPU
		{8C0D2083-38E9-406A-88CB-8627CF385878}.Debug|Any CPU.Build.0 = Debug|Any CPU
		{8C0D2083-38E9-406A-88CB-8627CF385878}.Release|Any CPU.ActiveCfg = Release|Any CPU
		{8C0D2083-38E9-406A-88CB-8627CF385878}.Release|Any CPU.Build.0 = Release|Any CPU
		{4B2519C0-5D24-461F-A4AA-61B18F2EB723}.Debug|Any CPU.ActiveCfg = Debug|Any CPU
		{4B2519C0-5D24-461F-A4AA-61B18F2EB723}.Debug|Any CPU.Build.0 = Debug|Any CPU
		{4B2519C0-5D24-461F-A4AA-61B18F2EB723}.Release|Any CPU.ActiveCfg = Release|Any CPU
		{4B2519C0-5D24-461F-A4AA-61B18F2EB723}.Release|Any CPU.Build.0 = Release|Any CPU
		{DCD14BED-A4A3-4E0D-99E9-B2A5DF0AEE13}.Debug|Any CPU.ActiveCfg = Debug|Any CPU
		{DCD14BED-A4A3-4E0D-99E9-B2A5DF0AEE13}.Debug|Any CPU.Build.0 = Debug|Any CPU
		{DCD14BED-A4A3-4E0D-99E9-B2A5DF0AEE13}.Release|Any CPU.ActiveCfg = Release|Any CPU
		{DCD14BED-A4A3-4E0D-99E9-B2A5DF0AEE13}.Release|Any CPU.Build.0 = Release|Any CPU
		{D3F2F9ED-4828-470D-9128-CD06FBA67571}.Debug|Any CPU.ActiveCfg = Debug|Any CPU
		{D3F2F9ED-4828-470D-9128-CD06FBA67571}.Debug|Any CPU.Build.0 = Debug|Any CPU
		{D3F2F9ED-4828-470D-9128-CD06FBA67571}.Release|Any CPU.ActiveCfg = Release|Any CPU
		{D3F2F9ED-4828-470D-9128-CD06FBA67571}.Release|Any CPU.Build.0 = Release|Any CPU
		{712888B9-9163-4E65-897C-AC04EF1EF544}.Debug|Any CPU.ActiveCfg = Debug|Any CPU
		{712888B9-9163-4E65-897C-AC04EF1EF544}.Debug|Any CPU.Build.0 = Debug|Any CPU
		{712888B9-9163-4E65-897C-AC04EF1EF544}.Release|Any CPU.ActiveCfg = Release|Any CPU
		{712888B9-9163-4E65-897C-AC04EF1EF544}.Release|Any CPU.Build.0 = Release|Any CPU
		{4A5A0135-9E2B-480B-BB2D-FCDF1E122E34}.Debug|Any CPU.ActiveCfg = Debug|Any CPU
		{4A5A0135-9E2B-480B-BB2D-FCDF1E122E34}.Debug|Any CPU.Build.0 = Debug|Any CPU
		{4A5A0135-9E2B-480B-BB2D-FCDF1E122E34}.Release|Any CPU.ActiveCfg = Release|Any CPU
		{4A5A0135-9E2B-480B-BB2D-FCDF1E122E34}.Release|Any CPU.Build.0 = Release|Any CPU
		{E5182833-0430-4722-AFAE-E886A82031CF}.Debug|Any CPU.ActiveCfg = Debug|Any CPU
		{E5182833-0430-4722-AFAE-E886A82031CF}.Debug|Any CPU.Build.0 = Debug|Any CPU
		{E5182833-0430-4722-AFAE-E886A82031CF}.Release|Any CPU.ActiveCfg = Release|Any CPU
		{E5182833-0430-4722-AFAE-E886A82031CF}.Release|Any CPU.Build.0 = Release|Any CPU
		{655851A9-3646-4322-8E9B-EBBD7A595025}.Debug|Any CPU.ActiveCfg = Debug|Any CPU
		{655851A9-3646-4322-8E9B-EBBD7A595025}.Debug|Any CPU.Build.0 = Debug|Any CPU
		{655851A9-3646-4322-8E9B-EBBD7A595025}.Release|Any CPU.ActiveCfg = Release|Any CPU
		{655851A9-3646-4322-8E9B-EBBD7A595025}.Release|Any CPU.Build.0 = Release|Any CPU
		{40665AB5-4C18-4280-9CA3-DA952EB609BE}.Debug|Any CPU.ActiveCfg = Debug|Any CPU
		{40665AB5-4C18-4280-9CA3-DA952EB609BE}.Debug|Any CPU.Build.0 = Debug|Any CPU
		{40665AB5-4C18-4280-9CA3-DA952EB609BE}.Release|Any CPU.ActiveCfg = Release|Any CPU
		{40665AB5-4C18-4280-9CA3-DA952EB609BE}.Release|Any CPU.Build.0 = Release|Any CPU
		{6388367E-A10D-4CD1-8BCB-758210F30EC6}.Debug|Any CPU.ActiveCfg = Debug|Any CPU
		{6388367E-A10D-4CD1-8BCB-758210F30EC6}.Debug|Any CPU.Build.0 = Debug|Any CPU
		{6388367E-A10D-4CD1-8BCB-758210F30EC6}.Release|Any CPU.ActiveCfg = Release|Any CPU
		{6388367E-A10D-4CD1-8BCB-758210F30EC6}.Release|Any CPU.Build.0 = Release|Any CPU
		{99B1742B-6E08-42BA-8267-3326CCE1DAFC}.Debug|Any CPU.ActiveCfg = Debug|Any CPU
		{99B1742B-6E08-42BA-8267-3326CCE1DAFC}.Debug|Any CPU.Build.0 = Debug|Any CPU
		{99B1742B-6E08-42BA-8267-3326CCE1DAFC}.Release|Any CPU.ActiveCfg = Release|Any CPU
		{99B1742B-6E08-42BA-8267-3326CCE1DAFC}.Release|Any CPU.Build.0 = Release|Any CPU
		{4B3B82B7-85F3-4F4E-BE18-3B322237960A}.Debug|Any CPU.ActiveCfg = Debug|Any CPU
		{4B3B82B7-85F3-4F4E-BE18-3B322237960A}.Debug|Any CPU.Build.0 = Debug|Any CPU
		{4B3B82B7-85F3-4F4E-BE18-3B322237960A}.Release|Any CPU.ActiveCfg = Release|Any CPU
		{4B3B82B7-85F3-4F4E-BE18-3B322237960A}.Release|Any CPU.Build.0 = Release|Any CPU
		{99EF438B-3A2D-43BB-973D-4777F7753826}.Debug|Any CPU.ActiveCfg = Debug|Any CPU
		{99EF438B-3A2D-43BB-973D-4777F7753826}.Debug|Any CPU.Build.0 = Debug|Any CPU
		{99EF438B-3A2D-43BB-973D-4777F7753826}.Release|Any CPU.ActiveCfg = Release|Any CPU
		{99EF438B-3A2D-43BB-973D-4777F7753826}.Release|Any CPU.Build.0 = Release|Any CPU
		{06BE8757-E711-4BE4-AA25-966169695722}.Debug|Any CPU.ActiveCfg = Debug|Any CPU
		{06BE8757-E711-4BE4-AA25-966169695722}.Debug|Any CPU.Build.0 = Debug|Any CPU
		{06BE8757-E711-4BE4-AA25-966169695722}.Release|Any CPU.ActiveCfg = Release|Any CPU
		{06BE8757-E711-4BE4-AA25-966169695722}.Release|Any CPU.Build.0 = Release|Any CPU
		{BAC1293B-84CB-4FF4-8280-77F68F74645A}.Debug|Any CPU.ActiveCfg = Debug|Any CPU
		{BAC1293B-84CB-4FF4-8280-77F68F74645A}.Debug|Any CPU.Build.0 = Debug|Any CPU
		{BAC1293B-84CB-4FF4-8280-77F68F74645A}.Release|Any CPU.ActiveCfg = Release|Any CPU
		{BAC1293B-84CB-4FF4-8280-77F68F74645A}.Release|Any CPU.Build.0 = Release|Any CPU
	EndGlobalSection
	GlobalSection(SolutionProperties) = preSolution
		HideSolutionNode = FALSE
	EndGlobalSection
	GlobalSection(NestedProjects) = preSolution
		{1A224DDA-4E84-42FD-9E0A-B2CF8B8E2B4F} = {38214C09-6565-412E-BB78-895BC4121613}
		{B1488873-5562-49CE-B90E-8F2932CB3B5B} = {1A224DDA-4E84-42FD-9E0A-B2CF8B8E2B4F}
		{7268E73F-E8C2-4317-A59E-C3EE34E3C9FD} = {38214C09-6565-412E-BB78-895BC4121613}
		{57E5963A-78B8-40B3-8E2C-2A00EA2BDC5A} = {7268E73F-E8C2-4317-A59E-C3EE34E3C9FD}
		{B1EB9201-437A-4FFC-8D3E-44740198E2C7} = {57E5963A-78B8-40B3-8E2C-2A00EA2BDC5A}
		{8C0D2083-38E9-406A-88CB-8627CF385878} = {57E5963A-78B8-40B3-8E2C-2A00EA2BDC5A}
		{4B2519C0-5D24-461F-A4AA-61B18F2EB723} = {57E5963A-78B8-40B3-8E2C-2A00EA2BDC5A}
		{DCD14BED-A4A3-4E0D-99E9-B2A5DF0AEE13} = {57E5963A-78B8-40B3-8E2C-2A00EA2BDC5A}
		{BA90B549-FD1F-4B42-9F94-FC9B1DD01ECE} = {38214C09-6565-412E-BB78-895BC4121613}
		{66F6A8A3-6C38-4385-B8FB-4E010FCCF960} = {BA90B549-FD1F-4B42-9F94-FC9B1DD01ECE}
		{D3F2F9ED-4828-470D-9128-CD06FBA67571} = {66F6A8A3-6C38-4385-B8FB-4E010FCCF960}
		{90609A4C-20EE-4581-A3A9-DD1DA5283CEC} = {38214C09-6565-412E-BB78-895BC4121613}
		{2790CE79-475C-48D0-9A34-1A35EDE66F3C} = {90609A4C-20EE-4581-A3A9-DD1DA5283CEC}
		{8BB89E18-A3CD-4C1B-8C27-A8F541926559} = {90609A4C-20EE-4581-A3A9-DD1DA5283CEC}
		{0CD27D4D-7BF5-4640-98FF-BF721B2B7970} = {90609A4C-20EE-4581-A3A9-DD1DA5283CEC}
		{27848B07-531B-48AA-A466-208B1E35815C} = {90609A4C-20EE-4581-A3A9-DD1DA5283CEC}
		{806D6D9F-37B6-4850-A5E2-C76FFD335D74} = {90609A4C-20EE-4581-A3A9-DD1DA5283CEC}
		{712888B9-9163-4E65-897C-AC04EF1EF544} = {806D6D9F-37B6-4850-A5E2-C76FFD335D74}
		{4A5A0135-9E2B-480B-BB2D-FCDF1E122E34} = {0CD27D4D-7BF5-4640-98FF-BF721B2B7970}
		{E5182833-0430-4722-AFAE-E886A82031CF} = {0CD27D4D-7BF5-4640-98FF-BF721B2B7970}
		{655851A9-3646-4322-8E9B-EBBD7A595025} = {0CD27D4D-7BF5-4640-98FF-BF721B2B7970}
		{E52C5173-235C-4358-AB32-319766B2552D} = {90609A4C-20EE-4581-A3A9-DD1DA5283CEC}
		{40665AB5-4C18-4280-9CA3-DA952EB609BE} = {E52C5173-235C-4358-AB32-319766B2552D}
		{6388367E-A10D-4CD1-8BCB-758210F30EC6} = {0CD27D4D-7BF5-4640-98FF-BF721B2B7970}
		{99B1742B-6E08-42BA-8267-3326CCE1DAFC} = {27848B07-531B-48AA-A466-208B1E35815C}
		{4B3B82B7-85F3-4F4E-BE18-3B322237960A} = {8BB89E18-A3CD-4C1B-8C27-A8F541926559}
		{99EF438B-3A2D-43BB-973D-4777F7753826} = {2790CE79-475C-48D0-9A34-1A35EDE66F3C}
		{5CF6ED8C-63CF-4651-BCED-F46A5FE29161} = {99995214-B4C4-4248-B93D-A19914FDA765}
		{06BE8757-E711-4BE4-AA25-966169695722} = {5CF6ED8C-63CF-4651-BCED-F46A5FE29161}
		{BAC1293B-84CB-4FF4-8280-77F68F74645A} = {B1488873-5562-49CE-B90E-8F2932CB3B5B}
	EndGlobalSection
EndGlobal
